
Microsoft Visual Studio Solution File, Format Version 12.00
# Visual Studio Version 17
VisualStudioVersion = 17.14.36301.6
MinimumVisualStudioVersion = 10.0.40219.1
Project("{8BC9CEB8-8B4A-11D0-8D11-00A0C91BC942}") = "EasyMidiLibTest", "EasyMidiLibTest.vcxproj", "{EA1ED8F3-FC49-4F45-9C8A-A5DC958884FD}"
	ProjectSection(ProjectDependencies) = postProject
		{C5F1A4D6-9680-4A7F-B976-EF46C95DEAF1} = {C5F1A4D6-9680-4A7F-B976-EF46C95DEAF1}
	EndProjectSection
EndProject
Project("{8BC9CEB8-8B4A-11D0-8D11-00A0C91BC942}") = "EasyMidiLib", "..\EasyMidiLib\EasyMidiLib.vcxproj", "{C5F1A4D6-9680-4A7F-B976-EF46C95DEAF1}"
EndProject
Global
	GlobalSection(SolutionConfigurationPlatforms) = preSolution
		Debug|x64 = Debug|x64
		Debug|x86 = Debug|x86
		Release|x64 = Release|x64
		Release|x86 = Release|x86
	EndGlobalSection
	GlobalSection(ProjectConfigurationPlatforms) = postSolution
		{EA1ED8F3-FC49-4F45-9C8A-A5DC958884FD}.Debug|x64.ActiveCfg = Debug|x64
		{EA1ED8F3-FC49-4F45-9C8A-A5DC958884FD}.Debug|x64.Build.0 = Debug|x64
		{EA1ED8F3-FC49-4F45-9C8A-A5DC958884FD}.Debug|x86.ActiveCfg = Debug|Win32
		{EA1ED8F3-FC49-4F45-9C8A-A5DC958884FD}.Debug|x86.Build.0 = Debug|Win32
		{EA1ED8F3-FC49-4F45-9C8A-A5DC958884FD}.Release|x64.ActiveCfg = Release|x64
		{EA1ED8F3-FC49-4F45-9C8A-A5DC958884FD}.Release|x64.Build.0 = Release|x64
		{EA1ED8F3-FC49-4F45-9C8A-A5DC958884FD}.Release|x86.ActiveCfg = Release|Win32
		{EA1ED8F3-FC49-4F45-9C8A-A5DC958884FD}.Release|x86.Build.0 = Release|Win32
		{C5F1A4D6-9680-4A7F-B976-EF46C95DEAF1}.Debug|x64.ActiveCfg = Debug|x64
		{C5F1A4D6-9680-4A7F-B976-EF46C95DEAF1}.Debug|x64.Build.0 = Debug|x64
		{C5F1A4D6-9680-4A7F-B976-EF46C95DEAF1}.Debug|x86.ActiveCfg = Debug|Win32
		{C5F1A4D6-9680-4A7F-B976-EF46C95DEAF1}.Debug|x86.Build.0 = Debug|Win32
		{C5F1A4D6-9680-4A7F-B976-EF46C95DEAF1}.Release|x64.ActiveCfg = Release|x64
		{C5F1A4D6-9680-4A7F-B976-EF46C95DEAF1}.Release|x64.Build.0 = Release|x64
		{C5F1A4D6-9680-4A7F-B976-EF46C95DEAF1}.Release|x86.ActiveCfg = Release|Win32
		{C5F1A4D6-9680-4A7F-B976-EF46C95DEAF1}.Release|x86.Build.0 = Release|Win32
	EndGlobalSection
	GlobalSection(SolutionProperties) = preSolution
		HideSolutionNode = FALSE
	EndGlobalSection
	GlobalSection(ExtensibilityGlobals) = postSolution
		SolutionGuid = {6A561EE0-01C0-4A75-9836-03079EBFAACC}
	EndGlobalSection
EndGlobal
